// !$*UTF8*$!
{
	archiveVersion = 1;
	classes = {
	};
	objectVersion = 56;
	objects = {

/* Begin PBXBuildFile section */
		B23CB4E4300A1F3A00A336E9 /* ProductView.swift in Sources */ = {isa = PBXBuildFile; fileRef = B23CB4E3300A1F3A00A336E9 /* ProductView.swift */; };
		B23CB4E7300A2EC300A336E9 /* MarketingView.swift in Sources */ = {isa = PBXBuildFile; fileRef = B23CB4E6300A2EC200A336E9 /* MarketingView.swift */; };
		B23CB4E9300A2EEC00A336E9 /* MarketingCampaign.swift in Sources */ = {isa = PBXBuildFile; fileRef = B23CB4E8300A2EEC00A336E9 /* MarketingCampaign.swift */; };
		B27ACD9D300B9AC000AE1F79 /* financeSnapshot.swift in Sources */ = {isa = PBXBuildFile; fileRef = B27ACD9C300B9AC000AE1F79 /* financeSnapshot.swift */; };
		B27ACDA1300BA08700AE1F79 /* FinanceView.swift in Sources */ = {isa = PBXBuildFile; fileRef = B27ACDA0300BA08700AE1F79 /* FinanceView.swift */; };
		B27B58413007EAFD001A72FD /* MarketValuePoint.swift in Sources */ = {isa = PBXBuildFile; fileRef = B27B58403007EAFD001A72FD /* MarketValuePoint.swift */; };
		B27B58433007F5E0001A72FD /* GameOutcome.swift in Sources */ = {isa = PBXBuildFile; fileRef = B27B58423007F5E0001A72FD /* GameOutcome.swift */; };
		B27B58453007F900001A72FD /* GameOverView.swift in Sources */ = {isa = PBXBuildFile; fileRef = B27B58443007F900001A72FD /* GameOverView.swift */; };
		B27CD76C3007DDA50083F6E0 /* EmployeeRole.swift in Sources */ = {isa = PBXBuildFile; fileRef = B27CD76B3007DDA50083F6E0 /* EmployeeRole.swift */; };
		B27CD76E3007E1940083F6E0 /* MonthResult.swift in Sources */ = {isa = PBXBuildFile; fileRef = B27CD76D3007E1930083F6E0 /* MonthResult.swift */; };
		B28B59C530079B38001BB817 /* StartUpSimulationApp.swift in Sources */ = {isa = PBXBuildFile; fileRef = B28B59C430079B38001BB817 /* StartUpSimulationApp.swift */; };
		B28B59C730079B38001BB817 /* MainMenuView.swift in Sources */ = {isa = PBXBuildFile; fileRef = B28B59C630079B38001BB817 /* MainMenuView.swift */; };
		B28B59C930079B46001BB817 /* Assets.xcassets in Resources */ = {isa = PBXBuildFile; fileRef = B28B59C830079B46001BB817 /* Assets.xcassets */; };
		B28B59CC30079B46001BB817 /* Preview Assets.xcassets in Resources */ = {isa = PBXBuildFile; fileRef = B28B59CB30079B46001BB817 /* Preview Assets.xcassets */; };
		B28BDB7F300BD1FB005CFDFF /* FounderView.swift in Sources */ = {isa = PBXBuildFile; fileRef = B28BDB7E300BD1FB005CFDFF /* FounderView.swift */; };
		B298A1A9300A73C700157856 /* PlayerProfile.swift in Sources */ = {isa = PBXBuildFile; fileRef = B298A1A8300A73C700157856 /* PlayerProfile.swift */; };
		B2CF76FD3007BEC100EE47A2 /* EmployeeSeniority.swift in Sources */ = {isa = PBXBuildFile; fileRef = B2CF76FC3007BEC100EE47A2 /* EmployeeSeniority.swift */; };
		B2CF76FF3007BF0600EE47A2 /* Employee.swift in Sources */ = {isa = PBXBuildFile; fileRef = B2CF76FE3007BF0600EE47A2 /* Employee.swift */; };
		B2CF77013007BF3500EE47A2 /* CandidateFactory.swift in Sources */ = {isa = PBXBuildFile; fileRef = B2CF77003007BF3400EE47A2 /* CandidateFactory.swift */; };
		B2CF77033007BFB300EE47A2 /* EmployeesView.swift in Sources */ = {isa = PBXBuildFile; fileRef = B2CF77023007BFB300EE47A2 /* EmployeesView.swift */; };
		B2D54F38300BBA9900C3C1B8 /* GameSaveData.swift in Sources */ = {isa = PBXBuildFile; fileRef = B2D54F37300BBA9900C3C1B8 /* GameSaveData.swift */; };
		B2D54F3A300BBAAE00C3C1B8 /* GameSaveManager.swift in Sources */ = {isa = PBXBuildFile; fileRef = B2D54F39300BBAAE00C3C1B8 /* GameSaveManager.swift */; };
		B2D787373007A83B008F0050 /* StartupCreationView.swift in Sources */ = {isa = PBXBuildFile; fileRef = B2D787363007A83B008F0050 /* StartupCreationView.swift */; };
		B2D787393007A92C008F0050 /* Industry.swift in Sources */ = {isa = PBXBuildFile; fileRef = B2D787383007A92C008F0050 /* Industry.swift */; };
		B2D7873D3007A9D2008F0050 /* GameViewModel.swift in Sources */ = {isa = PBXBuildFile; fileRef = B2D7873C3007A9D2008F0050 /* GameViewModel.swift */; };
		B2E014C53007B0CF001EA90E /* Company.swift in Sources */ = {isa = PBXBuildFile; fileRef = B2E014C43007B0CF001EA90E /* Company.swift */; };
		B2E014C73007B520001EA90E /* DashboardView.swift in Sources */ = {isa = PBXBuildFile; fileRef = B2E014C63007B520001EA90E /* DashboardView.swift */; };
		B2E014C93007B87A001EA90E /* CompanyStage.swift in Sources */ = {isa = PBXBuildFile; fileRef = B2E014C83007B87A001EA90E /* CompanyStage.swift */; };
/* End PBXBuildFile section */

/* Begin PBXFileReference section */
		B23CB4E3300A1F3A00A336E9 /* ProductView.swift */ = {isa = PBXFileReference; lastKnownFileType = sourcecode.swift; path = ProductView.swift; sourceTree = "<group>"; };
		B23CB4E6300A2EC200A336E9 /* MarketingView.swift */ = {isa = PBXFileReference; lastKnownFileType = sourcecode.swift; path = MarketingView.swift; sourceTree = "<group>"; };
		B23CB4E8300A2EEC00A336E9 /* MarketingCampaign.swift */ = {isa = PBXFileReference; lastKnownFileType = sourcecode.swift; path = MarketingCampaign.swift; sourceTree = "<group>"; };
		B27ACD9C300B9AC000AE1F79 /* financeSnapshot.swift */ = {isa = PBXFileReference; lastKnownFileType = sourcecode.swift; path = financeSnapshot.swift; sourceTree = "<group>"; };
		B27ACDA0300BA08700AE1F79 /* FinanceView.swift */ = {isa = PBXFileReference; lastKnownFileType = sourcecode.swift; path = FinanceView.swift; sourceTree = "<group>"; };
		B27B58403007EAFD001A72FD /* MarketValuePoint.swift */ = {isa = PBXFileReference; lastKnownFileType = sourcecode.swift; path = MarketValuePoint.swift; sourceTree = "<group>"; };
		B27B58423007F5E0001A72FD /* GameOutcome.swift */ = {isa = PBXFileReference; lastKnownFileType = sourcecode.swift; path = GameOutcome.swift; sourceTree = "<group>"; };
		B27B58443007F900001A72FD /* GameOverView.swift */ = {isa = PBXFileReference; lastKnownFileType = sourcecode.swift; path = GameOverView.swift; sourceTree = "<group>"; };
		B27CD76B3007DDA50083F6E0 /* EmployeeRole.swift */ = {isa = PBXFileReference; lastKnownFileType = sourcecode.swift; path = EmployeeRole.swift; sourceTree = "<group>"; };
		B27CD76D3007E1930083F6E0 /* MonthResult.swift */ = {isa = PBXFileReference; lastKnownFileType = sourcecode.swift; path = MonthResult.swift; sourceTree = "<group>"; };
		B28B59C130079B38001BB817 /* StartUpSimulation.app */ = {isa = PBXFileReference; explicitFileType = wrapper.application; includeInIndex = 0; path = StartUpSimulation.app; sourceTree = BUILT_PRODUCTS_DIR; };
		B28B59C430079B38001BB817 /* StartUpSimulationApp.swift */ = {isa = PBXFileReference; lastKnownFileType = sourcecode.swift; path = StartUpSimulationApp.swift; sourceTree = "<group>"; };
		B28B59C630079B38001BB817 /* MainMenuView.swift */ = {isa = PBXFileReference; lastKnownFileType = sourcecode.swift; path = MainMenuView.swift; sourceTree = "<group>"; };
		B28B59C830079B46001BB817 /* Assets.xcassets */ = {isa = PBXFileReference; lastKnownFileType = folder.assetcatalog; path = Assets.xcassets; sourceTree = "<group>"; };
		B28B59CB30079B46001BB817 /* Preview Assets.xcassets */ = {isa = PBXFileReference; lastKnownFileType = folder.assetcatalog; path = "Preview Assets.xcassets"; sourceTree = "<group>"; };
		B28BDB7E300BD1FB005CFDFF /* FounderView.swift */ = {isa = PBXFileReference; lastKnownFileType = sourcecode.swift; path = FounderView.swift; sourceTree = "<group>"; };
		B298A1A8300A73C700157856 /* PlayerProfile.swift */ = {isa = PBXFileReference; lastKnownFileType = sourcecode.swift; path = PlayerProfile.swift; sourceTree = "<group>"; };
		B2CF76FC3007BEC100EE47A2 /* EmployeeSeniority.swift */ = {isa = PBXFileReference; lastKnownFileType = sourcecode.swift; path = EmployeeSeniority.swift; sourceTree = "<group>"; };
		B2CF76FE3007BF0600EE47A2 /* Employee.swift */ = {isa = PBXFileReference; lastKnownFileType = sourcecode.swift; path = Employee.swift; sourceTree = "<group>"; };
		B2CF77003007BF3400EE47A2 /* CandidateFactory.swift */ = {isa = PBXFileReference; lastKnownFileType = sourcecode.swift; path = CandidateFactory.swift; sourceTree = "<group>"; };
		B2CF77023007BFB300EE47A2 /* EmployeesView.swift */ = {isa = PBXFileReference; lastKnownFileType = sourcecode.swift; path = EmployeesView.swift; sourceTree = "<group>"; };
		B2D54F37300BBA9900C3C1B8 /* GameSaveData.swift */ = {isa = PBXFileReference; lastKnownFileType = sourcecode.swift; path = GameSaveData.swift; sourceTree = "<group>"; };
		B2D54F39300BBAAE00C3C1B8 /* GameSaveManager.swift */ = {isa = PBXFileReference; lastKnownFileType = sourcecode.swift; path = GameSaveManager.swift; sourceTree = "<group>"; };
		B2D787363007A83B008F0050 /* StartupCreationView.swift */ = {isa = PBXFileReference; lastKnownFileType = sourcecode.swift; path = StartupCreationView.swift; sourceTree = "<group>"; };
		B2D787383007A92C008F0050 /* Industry.swift */ = {isa = PBXFileReference; lastKnownFileType = sourcecode.swift; path = Industry.swift; sourceTree = "<group>"; };
		B2D7873C3007A9D2008F0050 /* GameViewModel.swift */ = {isa = PBXFileReference; lastKnownFileType = sourcecode.swift; path = GameViewModel.swift; sourceTree = "<group>"; };
		B2E014C43007B0CF001EA90E /* Company.swift */ = {isa = PBXFileReference; lastKnownFileType = sourcecode.swift; path = Company.swift; sourceTree = "<group>"; };
		B2E014C63007B520001EA90E /* DashboardView.swift */ = {isa = PBXFileReference; lastKnownFileType = sourcecode.swift; path = DashboardView.swift; sourceTree = "<group>"; };
		B2E014C83007B87A001EA90E /* CompanyStage.swift */ = {isa = PBXFileReference; lastKnownFileType = sourcecode.swift; path = CompanyStage.swift; sourceTree = "<group>"; };
/* End PBXFileReference section */

/* Begin PBXFrameworksBuildPhase section */
		B28B59BE30079B38001BB817 /* Frameworks */ = {
			isa = PBXFrameworksBuildPhase;
			buildActionMask = 2147483647;
			files = (
			);
			runOnlyForDeploymentPostprocessing = 0;
		};
/* End PBXFrameworksBuildPhase section */

/* Begin PBXGroup section */
		B23CB4E2300A1EF900A336E9 /* Product */ = {
			isa = PBXGroup;
			children = (
				B23CB4E3300A1F3A00A336E9 /* ProductView.swift */,
			);
			path = Product;
			sourceTree = "<group>";
		};
		B23CB4E5300A2EA100A336E9 /* Marketing */ = {
			isa = PBXGroup;
			children = (
				B23CB4E6300A2EC200A336E9 /* MarketingView.swift */,
			);
			path = Marketing;
			sourceTree = "<group>";
		};
		B28B59B830079B37001BB817 = {
			isa = PBXGroup;
			children = (
				B28B59C330079B38001BB817 /* StartUpSimulation */,
				B28B59C230079B38001BB817 /* Products */,
			);
			sourceTree = "<group>";
		};
		B28B59C230079B38001BB817 /* Products */ = {
			isa = PBXGroup;
			children = (
				B28B59C130079B38001BB817 /* StartUpSimulation.app */,
			);
			name = Products;
			sourceTree = "<group>";
		};
		B28B59C330079B38001BB817 /* StartUpSimulation */ = {
			isa = PBXGroup;
			children = (
				B2D54F36300BBA6500C3C1B8 /* Persistence */,
				B2952C773007A3FF00AEEB5C /* Resources */,
				B2952C763007A3EF00AEEB5C /* Utilities */,
				B2952C753007A3E000AEEB5C /* Managers */,
				B2952C743007A3C800AEEB5C /* ViewsModels */,
				B2952C733007A3B900AEEB5C /* Views */,
				B2952C723007A39900AEEB5C /* Models */,
				B28B59C430079B38001BB817 /* StartUpSimulationApp.swift */,
				B28B59C830079B46001BB817 /* Assets.xcassets */,
				B28B59CA30079B46001BB817 /* Preview Content */,
			);
			path = StartUpSimulation;
			sourceTree = "<group>";
		};
		B28B59CA30079B46001BB817 /* Preview Content */ = {
			isa = PBXGroup;
			children = (
				B28B59CB30079B46001BB817 /* Preview Assets.xcassets */,
			);
			path = "Preview Content";
			sourceTree = "<group>";
		};
		B28BDB7D300BD1BD005CFDFF /* Founder */ = {
			isa = PBXGroup;
			children = (
				B28BDB7E300BD1FB005CFDFF /* FounderView.swift */,
			);
			path = Founder;
			sourceTree = "<group>";
		};
		B2952C723007A39900AEEB5C /* Models */ = {
			isa = PBXGroup;
			children = (
				B2D787383007A92C008F0050 /* Industry.swift */,
				B2E014C43007B0CF001EA90E /* Company.swift */,
				B2E014C83007B87A001EA90E /* CompanyStage.swift */,
				B2CF76FC3007BEC100EE47A2 /* EmployeeSeniority.swift */,
				B2CF76FE3007BF0600EE47A2 /* Employee.swift */,
				B27CD76B3007DDA50083F6E0 /* EmployeeRole.swift */,
				B27CD76D3007E1930083F6E0 /* MonthResult.swift */,
				B27B58403007EAFD001A72FD /* MarketValuePoint.swift */,
				B27B58423007F5E0001A72FD /* GameOutcome.swift */,
				B23CB4E8300A2EEC00A336E9 /* MarketingCampaign.swift */,
				B298A1A8300A73C700157856 /* PlayerProfile.swift */,
				B27ACD9C300B9AC000AE1F79 /* financeSnapshot.swift */,
			);
			path = Models;
			sourceTree = "<group>";
		};
		B2952C733007A3B900AEEB5C /* Views */ = {
			isa = PBXGroup;
			children = (
				B28BDB7D300BD1BD005CFDFF /* Founder */,
				B23CB4E5300A2EA100A336E9 /* Marketing */,
				B23CB4E2300A1EF900A336E9 /* Product */,
				B2952C7D3007A49700AEEB5C /* Events */,
				B2952C7C3007A48800AEEB5C /* Finance */,
				B2952C7B3007A47800AEEB5C /* Employees */,
				B2952C7A3007A45A00AEEB5C /* Dashboard */,
				B2952C793007A44500AEEB5C /* StartupCreation */,
				B2952C783007A41B00AEEB5C /* Menu */,
			);
			path = Views;
			sourceTree = "<group>";
		};
		B2952C743007A3C800AEEB5C /* ViewsModels */ = {
			isa = PBXGroup;
			children = (
				B2D7873C3007A9D2008F0050 /* GameViewModel.swift */,
			);
			path = ViewsModels;
			sourceTree = "<group>";
		};
		B2952C753007A3E000AEEB5C /* Managers */ = {
			isa = PBXGroup;
			children = (
				B2CF77003007BF3400EE47A2 /* CandidateFactory.swift */,
			);
			path = Managers;
			sourceTree = "<group>";
		};
		B2952C763007A3EF00AEEB5C /* Utilities */ = {
			isa = PBXGroup;
			children = (
			);
			path = Utilities;
			sourceTree = "<group>";
		};
		B2952C773007A3FF00AEEB5C /* Resources */ = {
			isa = PBXGroup;
			children = (
			);
			path = Resources;
			sourceTree = "<group>";
		};
		B2952C783007A41B00AEEB5C /* Menu */ = {
			isa = PBXGroup;
			children = (
				B28B59C630079B38001BB817 /* MainMenuView.swift */,
			);
			path = Menu;
			sourceTree = "<group>";
		};
		B2952C793007A44500AEEB5C /* StartupCreation */ = {
			isa = PBXGroup;
			children = (
				B2D787363007A83B008F0050 /* StartupCreationView.swift */,
			);
			path = StartupCreation;
			sourceTree = "<group>";
		};
		B2952C7A3007A45A00AEEB5C /* Dashboard */ = {
			isa = PBXGroup;
			children = (
				B2E014C63007B520001EA90E /* DashboardView.swift */,
				B27B58443007F900001A72FD /* GameOverView.swift */,
			);
			path = Dashboard;
			sourceTree = "<group>";
		};
		B2952C7B3007A47800AEEB5C /* Employees */ = {
			isa = PBXGroup;
			children = (
				B2CF77023007BFB300EE47A2 /* EmployeesView.swift */,
			);
			path = Employees;
			sourceTree = "<group>";
		};
		B2952C7C3007A48800AEEB5C /* Finance */ = {
			isa = PBXGroup;
			children = (
				B27ACDA0300BA08700AE1F79 /* FinanceView.swift */,
			);
			path = Finance;
			sourceTree = "<group>";
		};
		B2952C7D3007A49700AEEB5C /* Events */ = {
			isa = PBXGroup;
			children = (
			);
			path = Events;
			sourceTree = "<group>";
		};
		B2D54F36300BBA6500C3C1B8 /* Persistence */ = {
			isa = PBXGroup;
			children = (
				B2D54F37300BBA9900C3C1B8 /* GameSaveData.swift */,
				B2D54F39300BBAAE00C3C1B8 /* GameSaveManager.swift */,
			);
			path = Persistence;
			sourceTree = "<group>";
		};
/* End PBXGroup section */

/* Begin PBXNativeTarget section */
		B28B59C030079B38001BB817 /* StartUpSimulation */ = {
			isa = PBXNativeTarget;
			buildConfigurationList = B28B59CF30079B46001BB817 /* Build configuration list for PBXNativeTarget "StartUpSimulation" */;
			buildPhases = (
				B28B59BD30079B38001BB817 /* Sources */,
				B28B59BE30079B38001BB817 /* Frameworks */,
				B28B59BF30079B38001BB817 /* Resources */,
			);
			buildRules = (
			);
			dependencies = (
			);
			name = StartUpSimulation;
			productName = StartUpSimulation;
			productReference = B28B59C130079B38001BB817 /* StartUpSimulation.app */;
			productType = "com.apple.product-type.application";
		};
/* End PBXNativeTarget section */

/* Begin PBXProject section */
		B28B59B930079B37001BB817 /* Project object */ = {
			isa = PBXProject;
			attributes = {
				BuildIndependentTargetsInParallel = 1;
				LastSwiftUpdateCheck = 1420;
				LastUpgradeCheck = 1420;
				TargetAttributes = {
					B28B59C030079B38001BB817 = {
						CreatedOnToolsVersion = 14.2;
					};
				};
			};
			buildConfigurationList = B28B59BC30079B37001BB817 /* Build configuration list for PBXProject "StartUpSimulation" */;
			compatibilityVersion = "Xcode 14.0";
			developmentRegion = en;
			hasScannedForEncodings = 0;
			knownRegions = (
				en,
				Base,
			);
			mainGroup = B28B59B830079B37001BB817;
			productRefGroup = B28B59C230079B38001BB817 /* Products */;
			projectDirPath = "";
			projectRoot = "";
			targets = (
				B28B59C030079B38001BB817 /* StartUpSimulation */,
			);
		};
/* End PBXProject section */

/* Begin PBXResourcesBuildPhase section */
		B28B59BF30079B38001BB817 /* Resources */ = {
			isa = PBXResourcesBuildPhase;
			buildActionMask = 2147483647;
			files = (
				B28B59CC30079B46001BB817 /* Preview Assets.xcassets in Resources */,
				B28B59C930079B46001BB817 /* Assets.xcassets in Resources */,
			);
			runOnlyForDeploymentPostprocessing = 0;
		};
/* End PBXResourcesBuildPhase section */

/* Begin PBXSourcesBuildPhase section */
		B28B59BD30079B38001BB817 /* Sources */ = {
			isa = PBXSourcesBuildPhase;
			buildActionMask = 2147483647;
			files = (
				B2D54F38300BBA9900C3C1B8 /* GameSaveData.swift in Sources */,
				B27ACDA1300BA08700AE1F79 /* FinanceView.swift in Sources */,
				B2E014C93007B87A001EA90E /* CompanyStage.swift in Sources */,
				B2D7873D3007A9D2008F0050 /* GameViewModel.swift in Sources */,
				B27B58433007F5E0001A72FD /* GameOutcome.swift in Sources */,
				B28B59C730079B38001BB817 /* MainMenuView.swift in Sources */,
				B298A1A9300A73C700157856 /* PlayerProfile.swift in Sources */,
				B2CF76FF3007BF0600EE47A2 /* Employee.swift in Sources */,
				B27ACD9D300B9AC000AE1F79 /* financeSnapshot.swift in Sources */,
				B23CB4E7300A2EC300A336E9 /* MarketingView.swift in Sources */,
				B27B58453007F900001A72FD /* GameOverView.swift in Sources */,
				B2CF77013007BF3500EE47A2 /* CandidateFactory.swift in Sources */,
				B28BDB7F300BD1FB005CFDFF /* FounderView.swift in Sources */,
				B2D787373007A83B008F0050 /* StartupCreationView.swift in Sources */,
				B2E014C73007B520001EA90E /* DashboardView.swift in Sources */,
				B28B59C530079B38001BB817 /* StartUpSimulationApp.swift in Sources */,
				B23CB4E4300A1F3A00A336E9 /* ProductView.swift in Sources */,
				B2CF77033007BFB300EE47A2 /* EmployeesView.swift in Sources */,
				B27CD76C3007DDA50083F6E0 /* EmployeeRole.swift in Sources */,
				B2D787393007A92C008F0050 /* Industry.swift in Sources */,
				B2D54F3A300BBAAE00C3C1B8 /* GameSaveManager.swift in Sources */,
				B27B58413007EAFD001A72FD /* MarketValuePoint.swift in Sources */,
				B23CB4E9300A2EEC00A336E9 /* MarketingCampaign.swift in Sources */,
				B2E014C53007B0CF001EA90E /* Company.swift in Sources */,
				B2CF76FD3007BEC100EE47A2 /* EmployeeSeniority.swift in Sources */,
				B27CD76E3007E1940083F6E0 /* MonthResult.swift in Sources */,
			);
			runOnlyForDeploymentPostprocessing = 0;
		};
/* End PBXSourcesBuildPhase section */

/* Begin XCBuildConfiguration section */
		B28B59CD30079B46001BB817 /* Debug */ = {
			isa = XCBuildConfiguration;
			buildSettings = {
				ALWAYS_SEARCH_USER_PATHS = NO;
				CLANG_ANALYZER_NONNULL = YES;
				CLANG_ANALYZER_NUMBER_OBJECT_CONVERSION = YES_AGGRESSIVE;
				CLANG_CXX_LANGUAGE_STANDARD = "gnu++20";
				CLANG_ENABLE_MODULES = YES;
				CLANG_ENABLE_OBJC_ARC = YES;
				CLANG_ENABLE_OBJC_WEAK = YES;
				CLANG_WARN_BLOCK_CAPTURE_AUTORELEASING = YES;
				CLANG_WARN_BOOL_CONVERSION = YES;
				CLANG_WARN_COMMA = YES;
				CLANG_WARN_CONSTANT_CONVERSION = YES;
				CLANG_WARN_DEPRECATED_OBJC_IMPLEMENTATIONS = YES;
				CLANG_WARN_DIRECT_OBJC_ISA_USAGE = YES_ERROR;
				CLANG_WARN_DOCUMENTATION_COMMENTS = YES;
				CLANG_WARN_EMPTY_BODY = YES;
				CLANG_WARN_ENUM_CONVERSION = YES;
				CLANG_WARN_INFINITE_RECURSION = YES;
				CLANG_WARN_INT_CONVERSION = YES;
				CLANG_WARN_NON_LITERAL_NULL_CONVERSION = YES;
				CLANG_WARN_OBJC_IMPLICIT_RETAIN_SELF = YES;
				CLANG_WARN_OBJC_LITERAL_CONVERSION = YES;
				CLANG_WARN_OBJC_ROOT_CLASS = YES_ERROR;
				CLANG_WARN_QUOTED_INCLUDE_IN_FRAMEWORK_HEADER = YES;
				CLANG_WARN_RANGE_LOOP_ANALYSIS = YES;
				CLANG_WARN_STRICT_PROTOTYPES = YES;
				CLANG_WARN_SUSPICIOUS_MOVE = YES;
				CLANG_WARN_UNGUARDED_AVAILABILITY = YES_AGGRESSIVE;
				CLANG_WARN_UNREACHABLE_CODE = YES;
				CLANG_WARN__DUPLICATE_METHOD_MATCH = YES;
				COPY_PHASE_STRIP = NO;
				DEBUG_INFORMATION_FORMAT = dwarf;
				ENABLE_STRICT_OBJC_MSGSEND = YES;
				ENABLE_TESTABILITY = YES;
				GCC_C_LANGUAGE_STANDARD = gnu11;
				GCC_DYNAMIC_NO_PIC = NO;
				GCC_NO_COMMON_BLOCKS = YES;
				GCC_OPTIMIZATION_LEVEL = 0;
				GCC_PREPROCESSOR_DEFINITIONS = (
					"DEBUG=1",
					"$(inherited)",
				);
				GCC_WARN_64_TO_32_BIT_CONVERSION = YES;
				GCC_WARN_ABOUT_RETURN_TYPE = YES_ERROR;
				GCC_WARN_UNDECLARED_SELECTOR = YES;
				GCC_WARN_UNINITIALIZED_AUTOS = YES_AGGRESSIVE;
				GCC_WARN_UNUSED_FUNCTION = YES;
				GCC_WARN_UNUSED_VARIABLE = YES;
				IPHONEOS_DEPLOYMENT_TARGET = 16.2;
				MTL_ENABLE_DEBUG_INFO = INCLUDE_SOURCE;
				MTL_FAST_MATH = YES;
				ONLY_ACTIVE_ARCH = YES;
				SDKROOT = iphoneos;
				SWIFT_ACTIVE_COMPILATION_CONDITIONS = DEBUG;
				SWIFT_OPTIMIZATION_LEVEL = "-Onone";
			};
			name = Debug;
		};
		B28B59CE30079B46001BB817 /* Release */ = {
			isa = XCBuildConfiguration;
			buildSettings = {
				ALWAYS_SEARCH_USER_PATHS = NO;
				CLANG_ANALYZER_NONNULL = YES;
				CLANG_ANALYZER_NUMBER_OBJECT_CONVERSION = YES_AGGRESSIVE;
				CLANG_CXX_LANGUAGE_STANDARD = "gnu++20";
				CLANG_ENABLE_MODULES = YES;
				CLANG_ENABLE_OBJC_ARC = YES;
				CLANG_ENABLE_OBJC_WEAK = YES;
				CLANG_WARN_BLOCK_CAPTURE_AUTORELEASING = YES;
				CLANG_WARN_BOOL_CONVERSION = YES;
				CLANG_WARN_COMMA = YES;
				CLANG_WARN_CONSTANT_CONVERSION = YES;
				CLANG_WARN_DEPRECATED_OBJC_IMPLEMENTATIONS = YES;
				CLANG_WARN_DIRECT_OBJC_ISA_USAGE = YES_ERROR;
				CLANG_WARN_DOCUMENTATION_COMMENTS = YES;
				CLANG_WARN_EMPTY_BODY = YES;
				CLANG_WARN_ENUM_CONVERSION = YES;
				CLANG_WARN_INFINITE_RECURSION = YES;
				CLANG_WARN_INT_CONVERSION = YES;
				CLANG_WARN_NON_LITERAL_NULL_CONVERSION = YES;
				CLANG_WARN_OBJC_IMPLICIT_RETAIN_SELF = YES;
				CLANG_WARN_OBJC_LITERAL_CONVERSION = YES;
				CLANG_WARN_OBJC_ROOT_CLASS = YES_ERROR;
				CLANG_WARN_QUOTED_INCLUDE_IN_FRAMEWORK_HEADER = YES;
				CLANG_WARN_RANGE_LOOP_ANALYSIS = YES;
				CLANG_WARN_STRICT_PROTOTYPES = YES;
				CLANG_WARN_SUSPICIOUS_MOVE = YES;
				CLANG_WARN_UNGUARDED_AVAILABILITY = YES_AGGRESSIVE;
				CLANG_WARN_UNREACHABLE_CODE = YES;
				CLANG_WARN__DUPLICATE_METHOD_MATCH = YES;
				COPY_PHASE_STRIP = NO;
				DEBUG_INFORMATION_FORMAT = "dwarf-with-dsym";
				ENABLE_NS_ASSERTIONS = NO;
				ENABLE_STRICT_OBJC_MSGSEND = YES;
				GCC_C_LANGUAGE_STANDARD = gnu11;
				GCC_NO_COMMON_BLOCKS = YES;
				GCC_WARN_64_TO_32_BIT_CONVERSION = YES;
				GCC_WARN_ABOUT_RETURN_TYPE = YES_ERROR;
				GCC_WARN_UNDECLARED_SELECTOR = YES;
				GCC_WARN_UNINITIALIZED_AUTOS = YES_AGGRESSIVE;
				GCC_WARN_UNUSED_FUNCTION = YES;
				GCC_WARN_UNUSED_VARIABLE = YES;
				IPHONEOS_DEPLOYMENT_TARGET = 16.2;
				MTL_ENABLE_DEBUG_INFO = NO;
				MTL_FAST_MATH = YES;
				SDKROOT = iphoneos;
				SWIFT_COMPILATION_MODE = wholemodule;
				SWIFT_OPTIMIZATION_LEVEL = "-O";
				VALIDATE_PRODUCT = YES;
			};
			name = Release;
		};
		B28B59D030079B46001BB817 /* Debug */ = {
			isa = XCBuildConfiguration;
			buildSettings = {
				ASSETCATALOG_COMPILER_APPICON_NAME = AppIcon;
				ASSETCATALOG_COMPILER_GLOBAL_ACCENT_COLOR_NAME = AccentColor;
				CODE_SIGN_STYLE = Automatic;
				CURRENT_PROJECT_VERSION = 1;
				DEVELOPMENT_ASSET_PATHS = "\"StartUpSimulation/Preview Content\"";
				DEVELOPMENT_TEAM = 275D842G2D;
				ENABLE_PREVIEWS = YES;
				GENERATE_INFOPLIST_FILE = YES;
				INFOPLIST_KEY_UIApplicationSceneManifest_Generation = YES;
				INFOPLIST_KEY_UIApplicationSupportsIndirectInputEvents = YES;
				INFOPLIST_KEY_UILaunchScreen_Generation = YES;
				INFOPLIST_KEY_UISupportedInterfaceOrientations_iPad = "UIInterfaceOrientationPortrait UIInterfaceOrientationPortraitUpsideDown UIInterfaceOrientationLandscapeLeft UIInterfaceOrientationLandscapeRight";
				INFOPLIST_KEY_UISupportedInterfaceOrientations_iPhone = "UIInterfaceOrientationPortrait UIInterfaceOrientationLandscapeLeft UIInterfaceOrientationLandscapeRight";
				LD_RUNPATH_SEARCH_PATHS = (
					"$(inherited)",
					"@executable_path/Frameworks",
				);
				MARKETING_VERSION = 1.0;
				PRODUCT_BUNDLE_IDENTIFIER = talyabenatar.com.StartUpSimulation;
				PRODUCT_NAME = "$(TARGET_NAME)";
				SWIFT_EMIT_LOC_STRINGS = YES;
				SWIFT_VERSION = 5.0;
				TARGETED_DEVICE_FAMILY = "1,2";
			};
			name = Debug;
		};
		B28B59D130079B46001BB817 /* Release */ = {
			isa = XCBuildConfiguration;
			buildSettings = {
				ASSETCATALOG_COMPILER_APPICON_NAME = AppIcon;
				ASSETCATALOG_COMPILER_GLOBAL_ACCENT_COLOR_NAME = AccentColor;
				CODE_SIGN_STYLE = Automatic;
				CURRENT_PROJECT_VERSION = 1;
				DEVELOPMENT_ASSET_PATHS = "\"StartUpSimulation/Preview Content\"";
				DEVELOPMENT_TEAM = 275D842G2D;
				ENABLE_PREVIEWS = YES;
				GENERATE_INFOPLIST_FILE = YES;
				INFOPLIST_KEY_UIApplicationSceneManifest_Generation = YES;
				INFOPLIST_KEY_UIApplicationSupportsIndirectInputEvents = YES;
				INFOPLIST_KEY_UILaunchScreen_Generation = YES;
				INFOPLIST_KEY_UISupportedInterfaceOrientations_iPad = "UIInterfaceOrientationPortrait UIInterfaceOrientationPortraitUpsideDown UIInterfaceOrientationLandscapeLeft UIInterfaceOrientationLandscapeRight";
				INFOPLIST_KEY_UISupportedInterfaceOrientations_iPhone = "UIInterfaceOrientationPortrait UIInterfaceOrientationLandscapeLeft UIInterfaceOrientationLandscapeRight";
				LD_RUNPATH_SEARCH_PATHS = (
					"$(inherited)",
					"@executable_path/Frameworks",
				);
				MARKETING_VERSION = 1.0;
				PRODUCT_BUNDLE_IDENTIFIER = talyabenatar.com.StartUpSimulation;
				PRODUCT_NAME = "$(TARGET_NAME)";
				SWIFT_EMIT_LOC_STRINGS = YES;
				SWIFT_VERSION = 5.0;
				TARGETED_DEVICE_FAMILY = "1,2";
			};
			name = Release;
		};
/* End XCBuildConfiguration section */

/* Begin XCConfigurationList section */
		B28B59BC30079B37001BB817 /* Build configuration list for PBXProject "StartUpSimulation" */ = {
			isa = XCConfigurationList;
			buildConfigurations = (
				B28B59CD30079B46001BB817 /* Debug */,
				B28B59CE30079B46001BB817 /* Release */,
			);
			defaultConfigurationIsVisible = 0;
			defaultConfigurationName = Release;
		};
		B28B59CF30079B46001BB817 /* Build configuration list for PBXNativeTarget "StartUpSimulation" */ = {
			isa = XCConfigurationList;
			buildConfigurations = (
				B28B59D030079B46001BB817 /* Debug */,
				B28B59D130079B46001BB817 /* Release */,
			);
			defaultConfigurationIsVisible = 0;
			defaultConfigurationName = Release;
		};
/* End XCConfigurationList section */
	};
	rootObject = B28B59B930079B37001BB817 /* Project object */;
}
